
Microsoft Visual Studio Solution File, Format Version 12.00
# Visual Studio Version 17
VisualStudioVersion = 17.0.31903.59
MinimumVisualStudioVersion = 10.0.40219.1
Project("{2150E333-8FDC-42A3-9474-1A3956D46DE8}") = "src", "src", "{69159DA6-48B7-4801-998C-AD6CA5F19E63}"
EndProject
Project("{9A19103F-16F7-4668-BE54-9A1E7A4F7556}") = "DependencyInjection.API", "src\DependencyInjection.API\DependencyInjection.API.csproj", "{212A235D-C8F6-4DA8-9B1E-1A3B4405DFD3}"
EndProject
Project("{9A19103F-16F7-4668-BE54-9A1E7A4F7556}") = "DependencyInjection.APP", "src\DependencyInjection.APP\DependencyInjection.APP.csproj", "{621374D7-2144-4E54-AD55-8E2D8F7348A0}"
EndProject
Project("{E53339B2-1760-4266-BCC7-CA923CBCF16C}") = "docker-compose", "docker-compose.dcproj", "{F8A1104E-66D4-404E-975F-0A4C8D0907FA}"
EndProject
Project("{2150E333-8FDC-42A3-9474-1A3956D46DE8}") = "Solution Items", "Solution Items", "{72AD445F-44E0-4DF5-943E-20AF757F3E30}"
	ProjectSection(SolutionItems) = preProject
		README.md = README.md
	EndProjectSection
EndProject
Global
	GlobalSection(SolutionConfigurationPlatforms) = preSolution
		Debug|Any CPU = Debug|Any CPU
		Release|Any CPU = Release|Any CPU
	EndGlobalSection
	GlobalSection(ProjectConfigurationPlatforms) = postSolution
		{212A235D-C8F6-4DA8-9B1E-1A3B4405DFD3}.Debug|Any CPU.ActiveCfg = Debug|Any CPU
		{212A235D-C8F6-4DA8-9B1E-1A3B4405DFD3}.Debug|Any CPU.Build.0 = Debug|Any CPU
		{212A235D-C8F6-4DA8-9B1E-1A3B4405DFD3}.Release|Any CPU.ActiveCfg = Release|Any CPU
		{212A235D-C8F6-4DA8-9B1E-1A3B4405DFD3}.Release|Any CPU.Build.0 = Release|Any CPU
		{621374D7-2144-4E54-AD55-8E2D8F7348A0}.Debug|Any CPU.ActiveCfg = Debug|Any CPU
		{621374D7-2144-4E54-AD55-8E2D8F7348A0}.Debug|Any CPU.Build.0 = Debug|Any CPU
		{621374D7-2144-4E54-AD55-8E2D8F7348A0}.Release|Any CPU.ActiveCfg = Release|Any CPU
		{621374D7-2144-4E54-AD55-8E2D8F7348A0}.Release|Any CPU.Build.0 = Release|Any CPU
		{F8A1104E-66D4-404E-975F-0A4C8D0907FA}.Debug|Any CPU.ActiveCfg = Debug|Any CPU
		{F8A1104E-66D4-404E-975F-0A4C8D0907FA}.Debug|Any CPU.Build.0 = Debug|Any CPU
		{F8A1104E-66D4-404E-975F-0A4C8D0907FA}.Release|Any CPU.ActiveCfg = Release|Any CPU
		{F8A1104E-66D4-404E-975F-0A4C8D0907FA}.Release|Any CPU.Build.0 = Release|Any CPU
	EndGlobalSection
	GlobalSection(SolutionProperties) = preSolution
		HideSolutionNode = FALSE
	EndGlobalSection
	GlobalSection(NestedProjects) = preSolution
		{212A235D-C8F6-4DA8-9B1E-1A3B4405DFD3} = {69159DA6-48B7-4801-998C-AD6CA5F19E63}
		{621374D7-2144-4E54-AD55-8E2D8F7348A0} = {69159DA6-48B7-4801-998C-AD6CA5F19E63}
	EndGlobalSection
	GlobalSection(ExtensibilityGlobals) = postSolution
		SolutionGuid = {F0731500-692B-492A-BF2F-B1C8BD0F05F0}
	EndGlobalSection
EndGlobal
