
Microsoft Visual Studio Solution File, Format Version 12.00
# Visual Studio Version 17
VisualStudioVersion = 17.0.31903.59
MinimumVisualStudioVersion = 10.0.40219.1
Project("{E53339B2-1760-4266-BCC7-CA923CBCF16C}") = "docker-compose", "docker-compose.dcproj", "{F8A1104E-66D4-404E-975F-0A4C8D0907FA}"
EndProject
Project("{2150E333-8FDC-42A3-9474-1A3956D46DE8}") = "Solution Items", "Solution Items", "{72AD445F-44E0-4DF5-943E-20AF757F3E30}"
	ProjectSection(SolutionItems) = preProject
		README.md = README.md
	EndProjectSection
EndProject
Project("{2150E333-8FDC-42A3-9474-1A3956D46DE8}") = "src", "src", "{C9F1E64B-9BD8-42E7-A147-C520FC4B87DD}"
EndProject
Project("{FAE04EC0-301F-11D3-BF4B-00C04F79EFBC}") = "DependencyInjection.API", "src\DependencyInjection.API\DependencyInjection.API.csproj", "{3B0466B3-8EE3-405D-BAE1-04A5A33D17F1}"
EndProject
Project("{FAE04EC0-301F-11D3-BF4B-00C04F79EFBC}") = "DependencyInjection.APP", "src\DependencyInjection.APP\DependencyInjection.APP.csproj", "{597682DA-73A6-454A-8C3D-F156B100A7FE}"
EndProject
Global
	GlobalSection(SolutionConfigurationPlatforms) = preSolution
		Debug|Any CPU = Debug|Any CPU
		Release|Any CPU = Release|Any CPU
	EndGlobalSection
	GlobalSection(ProjectConfigurationPlatforms) = postSolution
		{F8A1104E-66D4-404E-975F-0A4C8D0907FA}.Debug|Any CPU.ActiveCfg = Debug|Any CPU
		{F8A1104E-66D4-404E-975F-0A4C8D0907FA}.Debug|Any CPU.Build.0 = Debug|Any CPU
		{F8A1104E-66D4-404E-975F-0A4C8D0907FA}.Release|Any CPU.ActiveCfg = Release|Any CPU
		{F8A1104E-66D4-404E-975F-0A4C8D0907FA}.Release|Any CPU.Build.0 = Release|Any CPU
		{3B0466B3-8EE3-405D-BAE1-04A5A33D17F1}.Debug|Any CPU.ActiveCfg = Debug|Any CPU
		{3B0466B3-8EE3-405D-BAE1-04A5A33D17F1}.Debug|Any CPU.Build.0 = Debug|Any CPU
		{3B0466B3-8EE3-405D-BAE1-04A5A33D17F1}.Release|Any CPU.ActiveCfg = Release|Any CPU
		{3B0466B3-8EE3-405D-BAE1-04A5A33D17F1}.Release|Any CPU.Build.0 = Release|Any CPU
		{597682DA-73A6-454A-8C3D-F156B100A7FE}.Debug|Any CPU.ActiveCfg = Debug|Any CPU
		{597682DA-73A6-454A-8C3D-F156B100A7FE}.Debug|Any CPU.Build.0 = Debug|Any CPU
		{597682DA-73A6-454A-8C3D-F156B100A7FE}.Release|Any CPU.ActiveCfg = Release|Any CPU
		{597682DA-73A6-454A-8C3D-F156B100A7FE}.Release|Any CPU.Build.0 = Release|Any CPU
	EndGlobalSection
	GlobalSection(SolutionProperties) = preSolution
		HideSolutionNode = FALSE
	EndGlobalSection
	GlobalSection(ExtensibilityGlobals) = postSolution
		SolutionGuid = {F0731500-692B-492A-BF2F-B1C8BD0F05F0}
	EndGlobalSection
	GlobalSection(NestedProjects) = preSolution
		{3B0466B3-8EE3-405D-BAE1-04A5A33D17F1} = {C9F1E64B-9BD8-42E7-A147-C520FC4B87DD}
		{597682DA-73A6-454A-8C3D-F156B100A7FE} = {C9F1E64B-9BD8-42E7-A147-C520FC4B87DD}
	EndGlobalSection
EndGlobal
